{
  "name": "@datacentricdesign/dcd-ui-angular",
  "version": "0.0.8",
  "lockfileVersion": 1,
  "requires": true,
  "dependencies": {
    "@angular/animations": {
      "version": "8.2.0",
      "resolved": "https://registry.npmjs.org/@angular/animations/-/animations-8.2.0.tgz",
      "integrity": "sha512-G+4+F/T4VA6TlXsv73ZQBe6LKgl1PfxchzzaEiFcGkLqlEaSU7ZgVD+PW6rUvG9a8jWMxBLqqtty0H70JkDysQ==",
      "requires": {
        "tslib": "^1.9.0"
      }
    },
    "@angular/forms": {
      "version": "8.2.0",
      "resolved": "https://registry.npmjs.org/@angular/forms/-/forms-8.2.0.tgz",
      "integrity": "sha512-ibvdCEr8n1Tfa0gaZDQFAIBeSZ0wle4O6BBaiai4wQdjnSQ0fTsmWjVIZ/UUi2diqbrTQFzfH1Cj41hPHwltxQ==",
      "requires": {
        "tslib": "^1.9.0"
      }
    },
    "@angular/platform-browser": {
      "version": "8.2.0",
      "resolved": "https://registry.npmjs.org/@angular/platform-browser/-/platform-browser-8.2.0.tgz",
      "integrity": "sha512-0VeNOspfjFZudMwca6ZCESCNloydqzifOn6fSetY0ILzO6MnM8GX/PiAByppYRXoIla3pwDtg1lcI+FUZoaT5Q==",
      "requires": {
        "tslib": "^1.9.0"
      }
    },
    "primeicons": {
      "version": "2.0.0",
      "resolved": "https://registry.npmjs.org/primeicons/-/primeicons-2.0.0.tgz",
      "integrity": "sha512-GJTCeMSQU8UU1GqbsaDrg/IH+b/vSinJQl52NVpdJ7sShYLZA8Eq6jLF48Ye3N/dQloGrE07i7XsZvxQ9pNbqg=="
    },
    "primeng": {
      "version": "8.0.2",
      "resolved": "https://registry.npmjs.org/primeng/-/primeng-8.0.2.tgz",
      "integrity": "sha512-MCY2oYXt0TLqDHcuMD2yqe/pg7OCCTvK/szqInkhXn8a76KA0yLDmm+hF+gaH/xQShqnYuazb23GlYVZi8zFDQ=="
    },
    "tslib": {
      "version": "1.10.0",
      "resolved": "https://registry.npmjs.org/tslib/-/tslib-1.10.0.tgz",
      "integrity": "sha512-qOebF53frne81cf0S9B41ByenJ3/IuH8yJKngAX35CmiZySA0khhkovshKK+jGCaMnVomla7gVlIcc3EvKPbTQ=="
    }
  }
}
